// !$*UTF8*$!
{
	archiveVersion = 1;
	classes = {
	};
	objectVersion = 55;
	objects = {

/* Begin PBXBuildFile section */
		3A67211128848B04008295C9 /* AppDelegate.swift in Sources */ = {isa = PBXBuildFile; fileRef = 3A67211028848B04008295C9 /* AppDelegate.swift */; };
		3A67211328848B04008295C9 /* SceneDelegate.swift in Sources */ = {isa = PBXBuildFile; fileRef = 3A67211228848B04008295C9 /* SceneDelegate.swift */; };
		3A67211528848B04008295C9 /* WelcomeViewController.swift in Sources */ = {isa = PBXBuildFile; fileRef = 3A67211428848B04008295C9 /* WelcomeViewController.swift */; };
		3A67211A28848B07008295C9 /* Assets.xcassets in Resources */ = {isa = PBXBuildFile; fileRef = 3A67211928848B07008295C9 /* Assets.xcassets */; };
		3A67211D28848B07008295C9 /* LaunchScreen.storyboard in Resources */ = {isa = PBXBuildFile; fileRef = 3A67211B28848B07008295C9 /* LaunchScreen.storyboard */; };
		3A672125288498D2008295C9 /* Constants.swift in Sources */ = {isa = PBXBuildFile; fileRef = 3A672124288498D2008295C9 /* Constants.swift */; };
		3A67212B2884E211008295C9 /* GoogleService-Info.plist in Resources */ = {isa = PBXBuildFile; fileRef = 3A67212A2884E211008295C9 /* GoogleService-Info.plist */; };
		3A67212E2884E889008295C9 /* UIButton+Extensions.swift in Sources */ = {isa = PBXBuildFile; fileRef = 3A67212D2884E889008295C9 /* UIButton+Extensions.swift */; };
		3A6721302884E8CD008295C9 /* LoginViewController.swift in Sources */ = {isa = PBXBuildFile; fileRef = 3A67212F2884E8CD008295C9 /* LoginViewController.swift */; };
		3A6721322885BC5F008295C9 /* SignUpViewController.swift in Sources */ = {isa = PBXBuildFile; fileRef = 3A6721312885BC5E008295C9 /* SignUpViewController.swift */; };
		3AA937BE2885D79B0043D1F7 /* MainTabBarController.swift in Sources */ = {isa = PBXBuildFile; fileRef = 3AA937BD2885D79B0043D1F7 /* MainTabBarController.swift */; };
		675B90423738F1C05325AB52 /* Pods_InstantBlog.framework in Frameworks */ = {isa = PBXBuildFile; fileRef = 7D746037BF1D995868D324D9 /* Pods_InstantBlog.framework */; };
/* End PBXBuildFile section */

/* Begin PBXFileReference section */
		2E49AF9C8C98FD6583F19786 /* Pods-InstantBlog.debug.xcconfig */ = {isa = PBXFileReference; includeInIndex = 1; lastKnownFileType = text.xcconfig; name = "Pods-InstantBlog.debug.xcconfig"; path = "Target Support Files/Pods-InstantBlog/Pods-InstantBlog.debug.xcconfig"; sourceTree = "<group>"; };
		3A67210D28848B04008295C9 /* InstantBlog.app */ = {isa = PBXFileReference; explicitFileType = wrapper.application; includeInIndex = 0; path = InstantBlog.app; sourceTree = BUILT_PRODUCTS_DIR; };
		3A67211028848B04008295C9 /* AppDelegate.swift */ = {isa = PBXFileReference; lastKnownFileType = sourcecode.swift; path = AppDelegate.swift; sourceTree = "<group>"; };
		3A67211228848B04008295C9 /* SceneDelegate.swift */ = {isa = PBXFileReference; lastKnownFileType = sourcecode.swift; path = SceneDelegate.swift; sourceTree = "<group>"; };
		3A67211428848B04008295C9 /* WelcomeViewController.swift */ = {isa = PBXFileReference; lastKnownFileType = sourcecode.swift; path = WelcomeViewController.swift; sourceTree = "<group>"; };
		3A67211928848B07008295C9 /* Assets.xcassets */ = {isa = PBXFileReference; lastKnownFileType = folder.assetcatalog; path = Assets.xcassets; sourceTree = "<group>"; };
		3A67211C28848B07008295C9 /* Base */ = {isa = PBXFileReference; lastKnownFileType = file.storyboard; name = Base; path = Base.lproj/LaunchScreen.storyboard; sourceTree = "<group>"; };
		3A67211E28848B07008295C9 /* Info.plist */ = {isa = PBXFileReference; lastKnownFileType = text.plist.xml; path = Info.plist; sourceTree = "<group>"; };
		3A672124288498D2008295C9 /* Constants.swift */ = {isa = PBXFileReference; lastKnownFileType = sourcecode.swift; path = Constants.swift; sourceTree = "<group>"; };
		3A67212A2884E211008295C9 /* GoogleService-Info.plist */ = {isa = PBXFileReference; fileEncoding = 4; lastKnownFileType = text.plist.xml; name = "GoogleService-Info.plist"; path = "../../../../Downloads/GoogleService-Info.plist"; sourceTree = "<group>"; };
		3A67212D2884E889008295C9 /* UIButton+Extensions.swift */ = {isa = PBXFileReference; lastKnownFileType = sourcecode.swift; path = "UIButton+Extensions.swift"; sourceTree = "<group>"; };
		3A67212F2884E8CD008295C9 /* LoginViewController.swift */ = {isa = PBXFileReference; lastKnownFileType = sourcecode.swift; path = LoginViewController.swift; sourceTree = "<group>"; };
		3A6721312885BC5E008295C9 /* SignUpViewController.swift */ = {isa = PBXFileReference; lastKnownFileType = sourcecode.swift; path = SignUpViewController.swift; sourceTree = "<group>"; };
		3AA937BD2885D79B0043D1F7 /* MainTabBarController.swift */ = {isa = PBXFileReference; lastKnownFileType = sourcecode.swift; path = MainTabBarController.swift; sourceTree = "<group>"; };
		7D746037BF1D995868D324D9 /* Pods_InstantBlog.framework */ = {isa = PBXFileReference; explicitFileType = wrapper.framework; includeInIndex = 0; path = Pods_InstantBlog.framework; sourceTree = BUILT_PRODUCTS_DIR; };
		E484A7BE77314438564B6A12 /* Pods-InstantBlog.release.xcconfig */ = {isa = PBXFileReference; includeInIndex = 1; lastKnownFileType = text.xcconfig; name = "Pods-InstantBlog.release.xcconfig"; path = "Target Support Files/Pods-InstantBlog/Pods-InstantBlog.release.xcconfig"; sourceTree = "<group>"; };
/* End PBXFileReference section */

/* Begin PBXFrameworksBuildPhase section */
		3A67210A28848B04008295C9 /* Frameworks */ = {
			isa = PBXFrameworksBuildPhase;
			buildActionMask = 2147483647;
			files = (
				675B90423738F1C05325AB52 /* Pods_InstantBlog.framework in Frameworks */,
			);
			runOnlyForDeploymentPostprocessing = 0;
		};
/* End PBXFrameworksBuildPhase section */

/* Begin PBXGroup section */
		3A67210428848B04008295C9 = {
			isa = PBXGroup;
			children = (
				3A67210F28848B04008295C9 /* InstantBlog */,
				3A67212A2884E211008295C9 /* GoogleService-Info.plist */,
				3A67210E28848B04008295C9 /* Products */,
				8CB5798ED81E7DEB6C825349 /* Pods */,
				A53F839C172555D5CCA2C05A /* Frameworks */,
			);
			sourceTree = "<group>";
		};
		3A67210E28848B04008295C9 /* Products */ = {
			isa = PBXGroup;
			children = (
				3A67210D28848B04008295C9 /* InstantBlog.app */,
			);
			name = Products;
			sourceTree = "<group>";
		};
		3A67210F28848B04008295C9 /* InstantBlog */ = {
			isa = PBXGroup;
			children = (
				3A67212C2884E869008295C9 /* Extensions */,
				3A67211028848B04008295C9 /* AppDelegate.swift */,
				3A67211228848B04008295C9 /* SceneDelegate.swift */,
				3A672126288498D7008295C9 /* Utils */,
				3AA937BC2885D75D0043D1F7 /* Controllers */,
				3A67211928848B07008295C9 /* Assets.xcassets */,
				3A67211B28848B07008295C9 /* LaunchScreen.storyboard */,
				3A67211E28848B07008295C9 /* Info.plist */,
			);
			path = InstantBlog;
			sourceTree = "<group>";
		};
		3A672126288498D7008295C9 /* Utils */ = {
			isa = PBXGroup;
			children = (
				3A672124288498D2008295C9 /* Constants.swift */,
			);
			path = Utils;
			sourceTree = "<group>";
		};
		3A67212C2884E869008295C9 /* Extensions */ = {
			isa = PBXGroup;
			children = (
				3A67212D2884E889008295C9 /* UIButton+Extensions.swift */,
			);
			path = Extensions;
			sourceTree = "<group>";
		};
		3AA937BC2885D75D0043D1F7 /* Controllers */ = {
			isa = PBXGroup;
			children = (
				3A67211428848B04008295C9 /* WelcomeViewController.swift */,
				3A67212F2884E8CD008295C9 /* LoginViewController.swift */,
				3A6721312885BC5E008295C9 /* SignUpViewController.swift */,
				3AA937BD2885D79B0043D1F7 /* MainTabBarController.swift */,
			);
			path = Controllers;
			sourceTree = "<group>";
		};
		8CB5798ED81E7DEB6C825349 /* Pods */ = {
			isa = PBXGroup;
			children = (
				2E49AF9C8C98FD6583F19786 /* Pods-InstantBlog.debug.xcconfig */,
				E484A7BE77314438564B6A12 /* Pods-InstantBlog.release.xcconfig */,
			);
			path = Pods;
			sourceTree = "<group>";
		};
		A53F839C172555D5CCA2C05A /* Frameworks */ = {
			isa = PBXGroup;
			children = (
				7D746037BF1D995868D324D9 /* Pods_InstantBlog.framework */,
			);
			name = Frameworks;
			sourceTree = "<group>";
		};
/* End PBXGroup section */

/* Begin PBXNativeTarget section */
		3A67210C28848B04008295C9 /* InstantBlog */ = {
			isa = PBXNativeTarget;
			buildConfigurationList = 3A67212128848B07008295C9 /* Build configuration list for PBXNativeTarget "InstantBlog" */;
			buildPhases = (
				6E031CE6BE5BAE768C4E7BE0 /* [CP] Check Pods Manifest.lock */,
				3A67210928848B04008295C9 /* Sources */,
				3A67210A28848B04008295C9 /* Frameworks */,
				3A67210B28848B04008295C9 /* Resources */,
				7C1B1A5A9B64C613A16BA256 /* [CP] Embed Pods Frameworks */,
			);
			buildRules = (
			);
			dependencies = (
			);
			name = InstantBlog;
			productName = InstantBlog;
			productReference = 3A67210D28848B04008295C9 /* InstantBlog.app */;
			productType = "com.apple.product-type.application";
		};
/* End PBXNativeTarget section */

/* Begin PBXProject section */
		3A67210528848B04008295C9 /* Project object */ = {
			isa = PBXProject;
			attributes = {
				BuildIndependentTargetsInParallel = 1;
				LastSwiftUpdateCheck = 1340;
				LastUpgradeCheck = 1340;
				TargetAttributes = {
					3A67210C28848B04008295C9 = {
						CreatedOnToolsVersion = 13.4.1;
					};
				};
			};
			buildConfigurationList = 3A67210828848B04008295C9 /* Build configuration list for PBXProject "InstantBlog" */;
			compatibilityVersion = "Xcode 13.0";
			developmentRegion = en;
			hasScannedForEncodings = 0;
			knownRegions = (
				en,
				Base,
			);
			mainGroup = 3A67210428848B04008295C9;
			productRefGroup = 3A67210E28848B04008295C9 /* Products */;
			projectDirPath = "";
			projectRoot = "";
			targets = (
				3A67210C28848B04008295C9 /* InstantBlog */,
			);
		};
/* End PBXProject section */

/* Begin PBXResourcesBuildPhase section */
		3A67210B28848B04008295C9 /* Resources */ = {
			isa = PBXResourcesBuildPhase;
			buildActionMask = 2147483647;
			files = (
				3A67211D28848B07008295C9 /* LaunchScreen.storyboard in Resources */,
				3A67211A28848B07008295C9 /* Assets.xcassets in Resources */,
				3A67212B2884E211008295C9 /* GoogleService-Info.plist in Resources */,
			);
			runOnlyForDeploymentPostprocessing = 0;
		};
/* End PBXResourcesBuildPhase section */

/* Begin PBXShellScriptBuildPhase section */
		6E031CE6BE5BAE768C4E7BE0 /* [CP] Check Pods Manifest.lock */ = {
			isa = PBXShellScriptBuildPhase;
			buildActionMask = 2147483647;
			files = (
			);
			inputFileListPaths = (
			);
			inputPaths = (
				"${PODS_PODFILE_DIR_PATH}/Podfile.lock",
				"${PODS_ROOT}/Manifest.lock",
			);
			name = "[CP] Check Pods Manifest.lock";
			outputFileListPaths = (
			);
			outputPaths = (
				"$(DERIVED_FILE_DIR)/Pods-InstantBlog-checkManifestLockResult.txt",
			);
			runOnlyForDeploymentPostprocessing = 0;
			shellPath = /bin/sh;
			shellScript = "diff \"${PODS_PODFILE_DIR_PATH}/Podfile.lock\" \"${PODS_ROOT}/Manifest.lock\" > /dev/null\nif [ $? != 0 ] ; then\n    # print error to STDERR\n    echo \"error: The sandbox is not in sync with the Podfile.lock. Run 'pod install' or update your CocoaPods installation.\" >&2\n    exit 1\nfi\n# This output is used by Xcode 'outputs' to avoid re-running this script phase.\necho \"SUCCESS\" > \"${SCRIPT_OUTPUT_FILE_0}\"\n";
			showEnvVarsInLog = 0;
		};
		7C1B1A5A9B64C613A16BA256 /* [CP] Embed Pods Frameworks */ = {
			isa = PBXShellScriptBuildPhase;
			buildActionMask = 2147483647;
			files = (
			);
			inputFileListPaths = (
				"${PODS_ROOT}/Target Support Files/Pods-InstantBlog/Pods-InstantBlog-frameworks-${CONFIGURATION}-input-files.xcfilelist",
			);
			name = "[CP] Embed Pods Frameworks";
			outputFileListPaths = (
				"${PODS_ROOT}/Target Support Files/Pods-InstantBlog/Pods-InstantBlog-frameworks-${CONFIGURATION}-output-files.xcfilelist",
			);
			runOnlyForDeploymentPostprocessing = 0;
			shellPath = /bin/sh;
			shellScript = "\"${PODS_ROOT}/Target Support Files/Pods-InstantBlog/Pods-InstantBlog-frameworks.sh\"\n";
			showEnvVarsInLog = 0;
		};
/* End PBXShellScriptBuildPhase section */

/* Begin PBXSourcesBuildPhase section */
		3A67210928848B04008295C9 /* Sources */ = {
			isa = PBXSourcesBuildPhase;
			buildActionMask = 2147483647;
			files = (
				3AA937BE2885D79B0043D1F7 /* MainTabBarController.swift in Sources */,
				3A6721302884E8CD008295C9 /* LoginViewController.swift in Sources */,
				3A6721322885BC5F008295C9 /* SignUpViewController.swift in Sources */,
				3A67211528848B04008295C9 /* WelcomeViewController.swift in Sources */,
				3A67211128848B04008295C9 /* AppDelegate.swift in Sources */,
				3A67211328848B04008295C9 /* SceneDelegate.swift in Sources */,
				3A67212E2884E889008295C9 /* UIButton+Extensions.swift in Sources */,
				3A672125288498D2008295C9 /* Constants.swift in Sources */,
			);
			runOnlyForDeploymentPostprocessing = 0;
		};
/* End PBXSourcesBuildPhase section */

/* Begin PBXVariantGroup section */
		3A67211B28848B07008295C9 /* LaunchScreen.storyboard */ = {
			isa = PBXVariantGroup;
			children = (
				3A67211C28848B07008295C9 /* Base */,
			);
			name = LaunchScreen.storyboard;
			sourceTree = "<group>";
		};
/* End PBXVariantGroup section */

/* Begin XCBuildConfiguration section */
		3A67211F28848B07008295C9 /* Debug */ = {
			isa = XCBuildConfiguration;
			buildSettings = {
				ALWAYS_SEARCH_USER_PATHS = NO;
				CLANG_ANALYZER_NONNULL = YES;
				CLANG_ANALYZER_NUMBER_OBJECT_CONVERSION = YES_AGGRESSIVE;
				CLANG_CXX_LANGUAGE_STANDARD = "gnu++17";
				CLANG_ENABLE_MODULES = YES;
				CLANG_ENABLE_OBJC_ARC = YES;
				CLANG_ENABLE_OBJC_WEAK = YES;
				CLANG_WARN_BLOCK_CAPTURE_AUTORELEASING = YES;
				CLANG_WARN_BOOL_CONVERSION = YES;
				CLANG_WARN_COMMA = YES;
				CLANG_WARN_CONSTANT_CONVERSION = YES;
				CLANG_WARN_DEPRECATED_OBJC_IMPLEMENTATIONS = YES;
				CLANG_WARN_DIRECT_OBJC_ISA_USAGE = YES_ERROR;
				CLANG_WARN_DOCUMENTATION_COMMENTS = YES;
				CLANG_WARN_EMPTY_BODY = YES;
				CLANG_WARN_ENUM_CONVERSION = YES;
				CLANG_WARN_INFINITE_RECURSION = YES;
				CLANG_WARN_INT_CONVERSION = YES;
				CLANG_WARN_NON_LITERAL_NULL_CONVERSION = YES;
				CLANG_WARN_OBJC_IMPLICIT_RETAIN_SELF = YES;
				CLANG_WARN_OBJC_LITERAL_CONVERSION = YES;
				CLANG_WARN_OBJC_ROOT_CLASS = YES_ERROR;
				CLANG_WARN_QUOTED_INCLUDE_IN_FRAMEWORK_HEADER = YES;
				CLANG_WARN_RANGE_LOOP_ANALYSIS = YES;
				CLANG_WARN_STRICT_PROTOTYPES = YES;
				CLANG_WARN_SUSPICIOUS_MOVE = YES;
				CLANG_WARN_UNGUARDED_AVAILABILITY = YES_AGGRESSIVE;
				CLANG_WARN_UNREACHABLE_CODE = YES;
				CLANG_WARN__DUPLICATE_METHOD_MATCH = YES;
				COPY_PHASE_STRIP = NO;
				DEBUG_INFORMATION_FORMAT = dwarf;
				ENABLE_STRICT_OBJC_MSGSEND = YES;
				ENABLE_TESTABILITY = YES;
				GCC_C_LANGUAGE_STANDARD = gnu11;
				GCC_DYNAMIC_NO_PIC = NO;
				GCC_NO_COMMON_BLOCKS = YES;
				GCC_OPTIMIZATION_LEVEL = 0;
				GCC_PREPROCESSOR_DEFINITIONS = (
					"DEBUG=1",
					"$(inherited)",
				);
				GCC_WARN_64_TO_32_BIT_CONVERSION = YES;
				GCC_WARN_ABOUT_RETURN_TYPE = YES_ERROR;
				GCC_WARN_UNDECLARED_SELECTOR = YES;
				GCC_WARN_UNINITIALIZED_AUTOS = YES_AGGRESSIVE;
				GCC_WARN_UNUSED_FUNCTION = YES;
				GCC_WARN_UNUSED_VARIABLE = YES;
				IPHONEOS_DEPLOYMENT_TARGET = 15.5;
				MTL_ENABLE_DEBUG_INFO = INCLUDE_SOURCE;
				MTL_FAST_MATH = YES;
				ONLY_ACTIVE_ARCH = YES;
				SDKROOT = iphoneos;
				SWIFT_ACTIVE_COMPILATION_CONDITIONS = DEBUG;
				SWIFT_OPTIMIZATION_LEVEL = "-Onone";
			};
			name = Debug;
		};
		3A67212028848B07008295C9 /* Release */ = {
			isa = XCBuildConfiguration;
			buildSettings = {
				ALWAYS_SEARCH_USER_PATHS = NO;
				CLANG_ANALYZER_NONNULL = YES;
				CLANG_ANALYZER_NUMBER_OBJECT_CONVERSION = YES_AGGRESSIVE;
				CLANG_CXX_LANGUAGE_STANDARD = "gnu++17";
				CLANG_ENABLE_MODULES = YES;
				CLANG_ENABLE_OBJC_ARC = YES;
				CLANG_ENABLE_OBJC_WEAK = YES;
				CLANG_WARN_BLOCK_CAPTURE_AUTORELEASING = YES;
				CLANG_WARN_BOOL_CONVERSION = YES;
				CLANG_WARN_COMMA = YES;
				CLANG_WARN_CONSTANT_CONVERSION = YES;
				CLANG_WARN_DEPRECATED_OBJC_IMPLEMENTATIONS = YES;
				CLANG_WARN_DIRECT_OBJC_ISA_USAGE = YES_ERROR;
				CLANG_WARN_DOCUMENTATION_COMMENTS = YES;
				CLANG_WARN_EMPTY_BODY = YES;
				CLANG_WARN_ENUM_CONVERSION = YES;
				CLANG_WARN_INFINITE_RECURSION = YES;
				CLANG_WARN_INT_CONVERSION = YES;
				CLANG_WARN_NON_LITERAL_NULL_CONVERSION = YES;
				CLANG_WARN_OBJC_IMPLICIT_RETAIN_SELF = YES;
				CLANG_WARN_OBJC_LITERAL_CONVERSION = YES;
				CLANG_WARN_OBJC_ROOT_CLASS = YES_ERROR;
				CLANG_WARN_QUOTED_INCLUDE_IN_FRAMEWORK_HEADER = YES;
				CLANG_WARN_RANGE_LOOP_ANALYSIS = YES;
				CLANG_WARN_STRICT_PROTOTYPES = YES;
				CLANG_WARN_SUSPICIOUS_MOVE = YES;
				CLANG_WARN_UNGUARDED_AVAILABILITY = YES_AGGRESSIVE;
				CLANG_WARN_UNREACHABLE_CODE = YES;
				CLANG_WARN__DUPLICATE_METHOD_MATCH = YES;
				COPY_PHASE_STRIP = NO;
				DEBUG_INFORMATION_FORMAT = "dwarf-with-dsym";
				ENABLE_NS_ASSERTIONS = NO;
				ENABLE_STRICT_OBJC_MSGSEND = YES;
				GCC_C_LANGUAGE_STANDARD = gnu11;
				GCC_NO_COMMON_BLOCKS = YES;
				GCC_WARN_64_TO_32_BIT_CONVERSION = YES;
				GCC_WARN_ABOUT_RETURN_TYPE = YES_ERROR;
				GCC_WARN_UNDECLARED_SELECTOR = YES;
				GCC_WARN_UNINITIALIZED_AUTOS = YES_AGGRESSIVE;
				GCC_WARN_UNUSED_FUNCTION = YES;
				GCC_WARN_UNUSED_VARIABLE = YES;
				IPHONEOS_DEPLOYMENT_TARGET = 15.5;
				MTL_ENABLE_DEBUG_INFO = NO;
				MTL_FAST_MATH = YES;
				SDKROOT = iphoneos;
				SWIFT_COMPILATION_MODE = wholemodule;
				SWIFT_OPTIMIZATION_LEVEL = "-O";
				VALIDATE_PRODUCT = YES;
			};
			name = Release;
		};
		3A67212228848B07008295C9 /* Debug */ = {
			isa = XCBuildConfiguration;
			baseConfigurationReference = 2E49AF9C8C98FD6583F19786 /* Pods-InstantBlog.debug.xcconfig */;
			buildSettings = {
				ASSETCATALOG_COMPILER_APPICON_NAME = AppIcon;
				ASSETCATALOG_COMPILER_GLOBAL_ACCENT_COLOR_NAME = AccentColor;
				CODE_SIGN_STYLE = Automatic;
				CURRENT_PROJECT_VERSION = 1;
				DEVELOPMENT_TEAM = PA72GZV8QY;
				GENERATE_INFOPLIST_FILE = YES;
				INFOPLIST_FILE = InstantBlog/Info.plist;
				INFOPLIST_KEY_UIApplicationSupportsIndirectInputEvents = YES;
				INFOPLIST_KEY_UILaunchStoryboardName = LaunchScreen;
				INFOPLIST_KEY_UISupportedInterfaceOrientations_iPad = "UIInterfaceOrientationPortrait UIInterfaceOrientationPortraitUpsideDown UIInterfaceOrientationLandscapeLeft UIInterfaceOrientationLandscapeRight";
				INFOPLIST_KEY_UISupportedInterfaceOrientations_iPhone = "UIInterfaceOrientationPortrait UIInterfaceOrientationLandscapeLeft UIInterfaceOrientationLandscapeRight";
				LD_RUNPATH_SEARCH_PATHS = (
					"$(inherited)",
					"@executable_path/Frameworks",
				);
				MARKETING_VERSION = 1.0;
				PRODUCT_BUNDLE_IDENTIFIER = com.dakinnir.InstantBlog;
				PRODUCT_NAME = "$(TARGET_NAME)";
				SWIFT_EMIT_LOC_STRINGS = YES;
				SWIFT_VERSION = 5.0;
				TARGETED_DEVICE_FAMILY = "1,2";
			};
			name = Debug;
		};
		3A67212328848B07008295C9 /* Release */ = {
			isa = XCBuildConfiguration;
			baseConfigurationReference = E484A7BE77314438564B6A12 /* Pods-InstantBlog.release.xcconfig */;
			buildSettings = {
				ASSETCATALOG_COMPILER_APPICON_NAME = AppIcon;
				ASSETCATALOG_COMPILER_GLOBAL_ACCENT_COLOR_NAME = AccentColor;
				CODE_SIGN_STYLE = Automatic;
				CURRENT_PROJECT_VERSION = 1;
				DEVELOPMENT_TEAM = PA72GZV8QY;
				GENERATE_INFOPLIST_FILE = YES;
				INFOPLIST_FILE = InstantBlog/Info.plist;
				INFOPLIST_KEY_UIApplicationSupportsIndirectInputEvents = YES;
				INFOPLIST_KEY_UILaunchStoryboardName = LaunchScreen;
				INFOPLIST_KEY_UISupportedInterfaceOrientations_iPad = "UIInterfaceOrientationPortrait UIInterfaceOrientationPortraitUpsideDown UIInterfaceOrientationLandscapeLeft UIInterfaceOrientationLandscapeRight";
				INFOPLIST_KEY_UISupportedInterfaceOrientations_iPhone = "UIInterfaceOrientationPortrait UIInterfaceOrientationLandscapeLeft UIInterfaceOrientationLandscapeRight";
				LD_RUNPATH_SEARCH_PATHS = (
					"$(inherited)",
					"@executable_path/Frameworks",
				);
				MARKETING_VERSION = 1.0;
				PRODUCT_BUNDLE_IDENTIFIER = com.dakinnir.InstantBlog;
				PRODUCT_NAME = "$(TARGET_NAME)";
				SWIFT_EMIT_LOC_STRINGS = YES;
				SWIFT_VERSION = 5.0;
				TARGETED_DEVICE_FAMILY = "1,2";
			};
			name = Release;
		};
/* End XCBuildConfiguration section */

/* Begin XCConfigurationList section */
		3A67210828848B04008295C9 /* Build configuration list for PBXProject "InstantBlog" */ = {
			isa = XCConfigurationList;
			buildConfigurations = (
				3A67211F28848B07008295C9 /* Debug */,
				3A67212028848B07008295C9 /* Release */,
			);
			defaultConfigurationIsVisible = 0;
			defaultConfigurationName = Release;
		};
		3A67212128848B07008295C9 /* Build configuration list for PBXNativeTarget "InstantBlog" */ = {
			isa = XCConfigurationList;
			buildConfigurations = (
				3A67212228848B07008295C9 /* Debug */,
				3A67212328848B07008295C9 /* Release */,
			);
			defaultConfigurationIsVisible = 0;
			defaultConfigurationName = Release;
		};
/* End XCConfigurationList section */
	};
	rootObject = 3A67210528848B04008295C9 /* Project object */;
}
